
Microsoft Visual Studio Solution File, Format Version 12.00
# Visual Studio Version 16
VisualStudioVersion = 16.0.30225.117
MinimumVisualStudioVersion = 10.0.40219.1
Project("{8BC9CEB8-8B4A-11D0-8D11-00A0C91BC942}") = "LanguageFoundation", "LanguageFoundation.vcxproj", "{33250A6C-51FA-4E14-8A0A-6BE3F1F25901}"
EndProject
Global
	GlobalSection(SolutionConfigurationPlatforms) = preSolution
		Debug|x64 = Debug|x64
		Debug|x86 = Debug|x86
		Release|x64 = Release|x64
		Release|x86 = Release|x86
	EndGlobalSection
	GlobalSection(ProjectConfigurationPlatforms) = postSolution
		{33250A6C-51FA-4E14-8A0A-6BE3F1F25901}.Debug|x64.ActiveCfg = Debug|x64
		{33250A6C-51FA-4E14-8A0A-6BE3F1F25901}.Debug|x64.Build.0 = Debug|x64
		{33250A6C-51FA-4E14-8A0A-6BE3F1F25901}.Debug|x86.ActiveCfg = Debug|Win32
		{33250A6C-51FA-4E14-8A0A-6BE3F1F25901}.Debug|x86.Build.0 = Debug|Win32
		{33250A6C-51FA-4E14-8A0A-6BE3F1F25901}.Release|x64.ActiveCfg = Release|x64
		{33250A6C-51FA-4E14-8A0A-6BE3F1F25901}.Release|x64.Build.0 = Release|x64
		{33250A6C-51FA-4E14-8A0A-6BE3F1F25901}.Release|x86.ActiveCfg = Release|Win32
		{33250A6C-51FA-4E14-8A0A-6BE3F1F25901}.Release|x86.Build.0 = Release|Win32
	EndGlobalSection
	GlobalSection(SolutionProperties) = preSolution
		HideSolutionNode = FALSE
	EndGlobalSection
	GlobalSection(ExtensibilityGlobals) = postSolution
		SolutionGuid = {40733EA4-DFAA-482B-91CC-E31A2AD3AC62}
	EndGlobalSection
EndGlobal
